
Microsoft Visual Studio Solution File, Format Version 12.00
# Visual Studio Version 17
VisualStudioVersion = 17.0.31423.177
MinimumVisualStudioVersion = 10.0.40219.1
Project("{FAE04EC0-301F-11D3-BF4B-00C04F79EFBC}") = "ProjectEuler.CLI", "src\ProjectEuler.CLI\ProjectEuler.CLI.csproj", "{1290AC58-9F7A-437D-BDCB-7E206852FAE6}"
EndProject
Project("{2150E333-8FDC-42A3-9474-1A3956D46DE8}") = "application", "application", "{79B5EE17-6F92-474E-A232-61971FC0FE5F}"
EndProject
Project("{2150E333-8FDC-42A3-9474-1A3956D46DE8}") = "problems", "problems", "{634293DD-50A4-42CB-B328-69510293664F}"
EndProject
Project("{2150E333-8FDC-42A3-9474-1A3956D46DE8}") = "test", "test", "{16BE00BB-DC1B-42F3-86EA-F8AB741C7296}"
EndProject
Project("{2150E333-8FDC-42A3-9474-1A3956D46DE8}") = "base", "base", "{63EC0D9E-5747-405A-8440-919A391E38FA}"
EndProject
Project("{FAE04EC0-301F-11D3-BF4B-00C04F79EFBC}") = "PluginBase", "src\PluginBase\PluginBase.csproj", "{E45D85FF-AFA9-4ADA-8A78-3DF08CB22A3F}"
EndProject
Project("{FAE04EC0-301F-11D3-BF4B-00C04F79EFBC}") = "Problems1to9", "src\Problems1to9\Problems1to9.csproj", "{0F9820C7-42DF-4EF1-A190-B42C3DE6C682}"
EndProject
Global
	GlobalSection(SolutionConfigurationPlatforms) = preSolution
		Debug|Any CPU = Debug|Any CPU
		Release|Any CPU = Release|Any CPU
	EndGlobalSection
	GlobalSection(ProjectConfigurationPlatforms) = postSolution
		{1290AC58-9F7A-437D-BDCB-7E206852FAE6}.Debug|Any CPU.ActiveCfg = Debug|Any CPU
		{1290AC58-9F7A-437D-BDCB-7E206852FAE6}.Debug|Any CPU.Build.0 = Debug|Any CPU
		{1290AC58-9F7A-437D-BDCB-7E206852FAE6}.Release|Any CPU.ActiveCfg = Release|Any CPU
		{1290AC58-9F7A-437D-BDCB-7E206852FAE6}.Release|Any CPU.Build.0 = Release|Any CPU
		{E45D85FF-AFA9-4ADA-8A78-3DF08CB22A3F}.Debug|Any CPU.ActiveCfg = Debug|Any CPU
		{E45D85FF-AFA9-4ADA-8A78-3DF08CB22A3F}.Debug|Any CPU.Build.0 = Debug|Any CPU
		{E45D85FF-AFA9-4ADA-8A78-3DF08CB22A3F}.Release|Any CPU.ActiveCfg = Release|Any CPU
		{E45D85FF-AFA9-4ADA-8A78-3DF08CB22A3F}.Release|Any CPU.Build.0 = Release|Any CPU
		{0F9820C7-42DF-4EF1-A190-B42C3DE6C682}.Debug|Any CPU.ActiveCfg = Debug|Any CPU
		{0F9820C7-42DF-4EF1-A190-B42C3DE6C682}.Debug|Any CPU.Build.0 = Debug|Any CPU
		{0F9820C7-42DF-4EF1-A190-B42C3DE6C682}.Release|Any CPU.ActiveCfg = Release|Any CPU
		{0F9820C7-42DF-4EF1-A190-B42C3DE6C682}.Release|Any CPU.Build.0 = Release|Any CPU
	EndGlobalSection
	GlobalSection(SolutionProperties) = preSolution
		HideSolutionNode = FALSE
	EndGlobalSection
	GlobalSection(NestedProjects) = preSolution
		{1290AC58-9F7A-437D-BDCB-7E206852FAE6} = {79B5EE17-6F92-474E-A232-61971FC0FE5F}
		{E45D85FF-AFA9-4ADA-8A78-3DF08CB22A3F} = {63EC0D9E-5747-405A-8440-919A391E38FA}
		{0F9820C7-42DF-4EF1-A190-B42C3DE6C682} = {634293DD-50A4-42CB-B328-69510293664F}
	EndGlobalSection
	GlobalSection(ExtensibilityGlobals) = postSolution
		SolutionGuid = {FD6764EB-C2BA-4E4C-B731-2C931FA5451B}
	EndGlobalSection
EndGlobal
